// !$*UTF8*$!
{
	archiveVersion = 1;
	classes = {
	};
	objectVersion = 46;
	objects = {

/* Begin PBXBuildFile section */
		4DBD67B21CA2BEB9005695DC /* main.cpp in Sources */ = {isa = PBXBuildFile; fileRef = 4DBD67B11CA2BEB9005695DC /* main.cpp */; };
		4DBD67BC1CA2BF0C005695DC /* Connect.cpp in Sources */ = {isa = PBXBuildFile; fileRef = 4DBD67B81CA2BF0C005695DC /* Connect.cpp */; };
		4DBD67BD1CA2BF0C005695DC /* ServerConnect.cpp in Sources */ = {isa = PBXBuildFile; fileRef = 4DBD67BA1CA2BF0C005695DC /* ServerConnect.cpp */; };
/* End PBXBuildFile section */

/* Begin PBXCopyFilesBuildPhase section */
		4DBD67AC1CA2BEB9005695DC /* CopyFiles */ = {
			isa = PBXCopyFilesBuildPhase;
			buildActionMask = 2147483647;
			dstPath = /usr/share/man/man1/;
			dstSubfolderSpec = 0;
			files = (
			);
			runOnlyForDeploymentPostprocessing = 1;
		};
/* End PBXCopyFilesBuildPhase section */

/* Begin PBXFileReference section */
		4DBD67AE1CA2BEB9005695DC /* SecSock */ = {isa = PBXFileReference; explicitFileType = "compiled.mach-o.executable"; includeInIndex = 0; path = SecSock; sourceTree = BUILT_PRODUCTS_DIR; };
		4DBD67B11CA2BEB9005695DC /* main.cpp */ = {isa = PBXFileReference; lastKnownFileType = sourcecode.cpp.cpp; path = main.cpp; sourceTree = "<group>"; };
		4DBD67B81CA2BF0C005695DC /* Connect.cpp */ = {isa = PBXFileReference; fileEncoding = 4; lastKnownFileType = sourcecode.cpp.cpp; path = Connect.cpp; sourceTree = "<group>"; };
		4DBD67B91CA2BF0C005695DC /* Connect.h */ = {isa = PBXFileReference; fileEncoding = 4; lastKnownFileType = sourcecode.c.h; path = Connect.h; sourceTree = "<group>"; };
		4DBD67BA1CA2BF0C005695DC /* ServerConnect.cpp */ = {isa = PBXFileReference; fileEncoding = 4; lastKnownFileType = sourcecode.cpp.cpp; path = ServerConnect.cpp; sourceTree = "<group>"; };
		4DBD67BB1CA2BF0C005695DC /* ServerConnect.h */ = {isa = PBXFileReference; fileEncoding = 4; lastKnownFileType = sourcecode.c.h; path = ServerConnect.h; sourceTree = "<group>"; };
/* End PBXFileReference section */

/* Begin PBXFrameworksBuildPhase section */
		4DBD67AB1CA2BEB9005695DC /* Frameworks */ = {
			isa = PBXFrameworksBuildPhase;
			buildActionMask = 2147483647;
			files = (
			);
			runOnlyForDeploymentPostprocessing = 0;
		};
/* End PBXFrameworksBuildPhase section */

/* Begin PBXGroup section */
		4DBD67A51CA2BEB9005695DC = {
			isa = PBXGroup;
			children = (
				4DBD67B01CA2BEB9005695DC /* SecSock */,
				4DBD67AF1CA2BEB9005695DC /* Products */,
			);
			sourceTree = "<group>";
		};
		4DBD67AF1CA2BEB9005695DC /* Products */ = {
			isa = PBXGroup;
			children = (
				4DBD67AE1CA2BEB9005695DC /* SecSock */,
			);
			name = Products;
			sourceTree = "<group>";
		};
		4DBD67B01CA2BEB9005695DC /* SecSock */ = {
			isa = PBXGroup;
			children = (
				4DBD67B11CA2BEB9005695DC /* main.cpp */,
				4DBD67B81CA2BF0C005695DC /* Connect.cpp */,
				4DBD67B91CA2BF0C005695DC /* Connect.h */,
				4DBD67BA1CA2BF0C005695DC /* ServerConnect.cpp */,
				4DBD67BB1CA2BF0C005695DC /* ServerConnect.h */,
			);
			path = SecSock;
			sourceTree = "<group>";
		};
/* End PBXGroup section */

/* Begin PBXNativeTarget section */
		4DBD67AD1CA2BEB9005695DC /* SecSock */ = {
			isa = PBXNativeTarget;
			buildConfigurationList = 4DBD67B51CA2BEB9005695DC /* Build configuration list for PBXNativeTarget "SecSock" */;
			buildPhases = (
				4DBD67AA1CA2BEB9005695DC /* Sources */,
				4DBD67AB1CA2BEB9005695DC /* Frameworks */,
				4DBD67AC1CA2BEB9005695DC /* CopyFiles */,
			);
			buildRules = (
			);
			dependencies = (
			);
			name = SecSock;
			productName = SecSock;
			productReference = 4DBD67AE1CA2BEB9005695DC /* SecSock */;
			productType = "com.apple.product-type.tool";
		};
/* End PBXNativeTarget section */

/* Begin PBXProject section */
		4DBD67A61CA2BEB9005695DC /* Project object */ = {
			isa = PBXProject;
			attributes = {
				LastUpgradeCheck = 0630;
				ORGANIZATIONNAME = "LiosMor Security";
				TargetAttributes = {
					4DBD67AD1CA2BEB9005695DC = {
						CreatedOnToolsVersion = 6.3.2;
					};
				};
			};
			buildConfigurationList = 4DBD67A91CA2BEB9005695DC /* Build configuration list for PBXProject "SecSock" */;
			compatibilityVersion = "Xcode 3.2";
			developmentRegion = English;
			hasScannedForEncodings = 0;
			knownRegions = (
				en,
			);
			mainGroup = 4DBD67A51CA2BEB9005695DC;
			productRefGroup = 4DBD67AF1CA2BEB9005695DC /* Products */;
			projectDirPath = "";
			projectRoot = "";
			targets = (
				4DBD67AD1CA2BEB9005695DC /* SecSock */,
			);
		};
/* End PBXProject section */

/* Begin PBXSourcesBuildPhase section */
		4DBD67AA1CA2BEB9005695DC /* Sources */ = {
			isa = PBXSourcesBuildPhase;
			buildActionMask = 2147483647;
			files = (
				4DBD67BC1CA2BF0C005695DC /* Connect.cpp in Sources */,
				4DBD67B21CA2BEB9005695DC /* main.cpp in Sources */,
				4DBD67BD1CA2BF0C005695DC /* ServerConnect.cpp in Sources */,
			);
			runOnlyForDeploymentPostprocessing = 0;
		};
/* End PBXSourcesBuildPhase section */

/* Begin XCBuildConfiguration section */
		4DBD67B31CA2BEB9005695DC /* Debug */ = {
			isa = XCBuildConfiguration;
			buildSettings = {
				ALWAYS_SEARCH_USER_PATHS = NO;
				CLANG_CXX_LANGUAGE_STANDARD = "gnu++0x";
				CLANG_CXX_LIBRARY = "libc++";
				CLANG_ENABLE_MODULES = YES;
				CLANG_ENABLE_OBJC_ARC = YES;
				CLANG_WARN_BOOL_CONVERSION = YES;
				CLANG_WARN_CONSTANT_CONVERSION = YES;
				CLANG_WARN_DIRECT_OBJC_ISA_USAGE = YES_ERROR;
				CLANG_WARN_EMPTY_BODY = YES;
				CLANG_WARN_ENUM_CONVERSION = YES;
				CLANG_WARN_INT_CONVERSION = YES;
				CLANG_WARN_OBJC_ROOT_CLASS = YES_ERROR;
				CLANG_WARN_UNREACHABLE_CODE = YES;
				CLANG_WARN__DUPLICATE_METHOD_MATCH = YES;
				COPY_PHASE_STRIP = NO;
				DEBUG_INFORMATION_FORMAT = dwarf;
				ENABLE_STRICT_OBJC_MSGSEND = YES;
				GCC_C_LANGUAGE_STANDARD = gnu99;
				GCC_DYNAMIC_NO_PIC = NO;
				GCC_NO_COMMON_BLOCKS = YES;
				GCC_OPTIMIZATION_LEVEL = 0;
				GCC_PREPROCESSOR_DEFINITIONS = (
					"DEBUG=1",
					"$(inherited)",
				);
				GCC_SYMBOLS_PRIVATE_EXTERN = NO;
				GCC_WARN_64_TO_32_BIT_CONVERSION = YES;
				GCC_WARN_ABOUT_RETURN_TYPE = YES_ERROR;
				GCC_WARN_UNDECLARED_SELECTOR = YES;
				GCC_WARN_UNINITIALIZED_AUTOS = YES_AGGRESSIVE;
				GCC_WARN_UNUSED_FUNCTION = YES;
				GCC_WARN_UNUSED_VARIABLE = YES;
				MACOSX_DEPLOYMENT_TARGET = 10.10;
				MTL_ENABLE_DEBUG_INFO = YES;
				ONLY_ACTIVE_ARCH = YES;
				SDKROOT = macosx;
			};
			name = Debug;
		};
		4DBD67B41CA2BEB9005695DC /* Release */ = {
			isa = XCBuildConfiguration;
			buildSettings = {
				ALWAYS_SEARCH_USER_PATHS = NO;
				CLANG_CXX_LANGUAGE_STANDARD = "gnu++0x";
				CLANG_CXX_LIBRARY = "libc++";
				CLANG_ENABLE_MODULES = YES;
				CLANG_ENABLE_OBJC_ARC = YES;
				CLANG_WARN_BOOL_CONVERSION = YES;
				CLANG_WARN_CONSTANT_CONVERSION = YES;
				CLANG_WARN_DIRECT_OBJC_ISA_USAGE = YES_ERROR;
				CLANG_WARN_EMPTY_BODY = YES;
				CLANG_WARN_ENUM_CONVERSION = YES;
				CLANG_WARN_INT_CONVERSION = YES;
				CLANG_WARN_OBJC_ROOT_CLASS = YES_ERROR;
				CLANG_WARN_UNREACHABLE_CODE = YES;
				CLANG_WARN__DUPLICATE_METHOD_MATCH = YES;
				COPY_PHASE_STRIP = NO;
				DEBUG_INFORMATION_FORMAT = "dwarf-with-dsym";
				ENABLE_NS_ASSERTIONS = NO;
				ENABLE_STRICT_OBJC_MSGSEND = YES;
				GCC_C_LANGUAGE_STANDARD = gnu99;
				GCC_NO_COMMON_BLOCKS = YES;
				GCC_WARN_64_TO_32_BIT_CONVERSION = YES;
				GCC_WARN_ABOUT_RETURN_TYPE = YES_ERROR;
				GCC_WARN_UNDECLARED_SELECTOR = YES;
				GCC_WARN_UNINITIALIZED_AUTOS = YES_AGGRESSIVE;
				GCC_WARN_UNUSED_FUNCTION = YES;
				GCC_WARN_UNUSED_VARIABLE = YES;
				MACOSX_DEPLOYMENT_TARGET = 10.10;
				MTL_ENABLE_DEBUG_INFO = NO;
				SDKROOT = macosx;
			};
			name = Release;
		};
		4DBD67B61CA2BEB9005695DC /* Debug */ = {
			isa = XCBuildConfiguration;
			buildSettings = {
				OTHER_LDFLAGS = (
					"-lcrypto",
					"-lssl",
				);
				PRODUCT_NAME = "$(TARGET_NAME)";
			};
			name = Debug;
		};
		4DBD67B71CA2BEB9005695DC /* Release */ = {
			isa = XCBuildConfiguration;
			buildSettings = {
				OTHER_LDFLAGS = (
					"-lcrypto",
					"-lssl",
				);
				PRODUCT_NAME = "$(TARGET_NAME)";
			};
			name = Release;
		};
/* End XCBuildConfiguration section */

/* Begin XCConfigurationList section */
		4DBD67A91CA2BEB9005695DC /* Build configuration list for PBXProject "SecSock" */ = {
			isa = XCConfigurationList;
			buildConfigurations = (
				4DBD67B31CA2BEB9005695DC /* Debug */,
				4DBD67B41CA2BEB9005695DC /* Release */,
			);
			defaultConfigurationIsVisible = 0;
			defaultConfigurationName = Release;
		};
		4DBD67B51CA2BEB9005695DC /* Build configuration list for PBXNativeTarget "SecSock" */ = {
			isa = XCConfigurationList;
			buildConfigurations = (
				4DBD67B61CA2BEB9005695DC /* Debug */,
				4DBD67B71CA2BEB9005695DC /* Release */,
			);
			defaultConfigurationIsVisible = 0;
		};
/* End XCConfigurationList section */
	};
	rootObject = 4DBD67A61CA2BEB9005695DC /* Project object */;
}
